
Microsoft Visual Studio Solution File, Format Version 12.00
# Visual Studio Version 17
VisualStudioVersion = 17.7.34024.191
MinimumVisualStudioVersion = 10.0.40219.1
Project("{8BC9CEB8-8B4A-11D0-8D11-00A0C91BC942}") = "RectangleArea.CPH", "RectangleArea.CPH\RectangleArea.CPH.vcxproj", "{46931F7D-0843-44AB-A01E-D8D9FA227504}"
EndProject
Global
	GlobalSection(SolutionConfigurationPlatforms) = preSolution
		Debug|x64 = Debug|x64
		Debug|x86 = Debug|x86
		Release|x64 = Release|x64
		Release|x86 = Release|x86
	EndGlobalSection
	GlobalSection(ProjectConfigurationPlatforms) = postSolution
		{46931F7D-0843-44AB-A01E-D8D9FA227504}.Debug|x64.ActiveCfg = Debug|x64
		{46931F7D-0843-44AB-A01E-D8D9FA227504}.Debug|x64.Build.0 = Debug|x64
		{46931F7D-0843-44AB-A01E-D8D9FA227504}.Debug|x86.ActiveCfg = Debug|Win32
		{46931F7D-0843-44AB-A01E-D8D9FA227504}.Debug|x86.Build.0 = Debug|Win32
		{46931F7D-0843-44AB-A01E-D8D9FA227504}.Release|x64.ActiveCfg = Release|x64
		{46931F7D-0843-44AB-A01E-D8D9FA227504}.Release|x64.Build.0 = Release|x64
		{46931F7D-0843-44AB-A01E-D8D9FA227504}.Release|x86.ActiveCfg = Release|Win32
		{46931F7D-0843-44AB-A01E-D8D9FA227504}.Release|x86.Build.0 = Release|Win32
	EndGlobalSection
	GlobalSection(SolutionProperties) = preSolution
		HideSolutionNode = FALSE
	EndGlobalSection
	GlobalSection(ExtensibilityGlobals) = postSolution
		SolutionGuid = {38685A9B-4091-4767-9004-82EA9DCD47B7}
	EndGlobalSection
EndGlobal
